{
  "version": 4,
  "terraform_version": "1.4.6",
  "serial": 3,
  "lineage": "8c356830-33ac-5d4a-5a5c-db0cfde232d9",
  "outputs": {},
  "resources": [
    {
      "module": "module.dev_app_engine.module.first-app-engine",
      "mode": "data",
      "type": "google_app_engine_default_service_account",
      "name": "default",
      "provider": "provider[\"registry.terraform.io/hashicorp/google\"]",
      "instances": [
        {
          "schema_version": 0,
          "attributes": {
            "display_name": "App Engine default service account",
            "email": "skillful-radar-387911@appspot.gserviceaccount.com",
            "id": "projects/skillful-radar-387911/serviceAccounts/skillful-radar-387911@appspot.gserviceaccount.com",
            "member": "serviceAccount:skillful-radar-387911@appspot.gserviceaccount.com",
            "name": "projects/skillful-radar-387911/serviceAccounts/skillful-radar-387911@appspot.gserviceaccount.com",
            "project": "skillful-radar-387911",
            "unique_id": "105008149142400981020"
          },
          "sensitive_attributes": []
        }
      ]
    },
    {
      "module": "module.dev_app_engine.module.first-app-engine",
      "mode": "managed",
      "type": "google_app_engine_flexible_app_version",
      "name": "myapp_v1",
      "provider": "provider[\"registry.terraform.io/hashicorp/google\"]",
      "instances": [
        {
          "schema_version": 0,
          "attributes": {
            "api_config": [],
            "automatic_scaling": [
              {
                "cool_down_period": "120s",
                "cpu_utilization": [
                  {
                    "aggregation_window_length": "",
                    "target_utilization": 0.5
                  }
                ],
                "disk_utilization": [],
                "max_concurrent_requests": 0,
                "max_idle_instances": 0,
                "max_pending_latency": "",
                "max_total_instances": 1,
                "min_idle_instances": 0,
                "min_pending_latency": "",
                "min_total_instances": 1,
                "network_utilization": [],
                "request_utilization": []
              }
            ],
            "beta_settings": null,
            "default_expiration": "",
            "delete_service_on_destroy": false,
            "deployment": [
              {
                "cloud_build_options": [],
                "container": [
                  {
                    "image": "europe-west1-docker.pkg.dev/skillful-radar-387911/my-docker-repo/app-engine-images@sha256:199cdd05692e3c25afcc346828ef9729185e686d6a683337ea2bee25aee4a6a8"
                  }
                ],
                "files": [],
                "zip": []
              }
            ],
            "endpoints_api_service": [],
            "entrypoint": [
              {
                "shell": "gunicorn -b :8080 main.wsgi"
              }
            ],
            "env_variables": {
              "DATABASE_HOST": "10.38.80.3",
              "DATABASE_NAME": "postgres",
              "DATABASE_PASSWORD": "OBhx=\u003eupP\u003eJsLAhX",
              "DATABASE_PORT": "5432",
              "DATABASE_USER": "postgres",
              "SECRET_KEY": "django-insecure-^n*e$!rizm=^odcbq%nce@%_@k2tt!j0dhvj%+bo\u0026n2ql!2nbi",
              "SOCIAL_AUTH_GOOGLE_OAUTH2_KEY": "493211936327-cd0scp38q47s7i644jf6f1ai773ae59c.apps.googleusercontent.com",
              "SOCIAL_AUTH_GOOGLE_OAUTH2_SECRET": "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",
              "port": "8080"
            },
            "handlers": [],
            "id": "apps/skillful-radar-387911/services/default/versions/skillful-radar-387911",
            "inbound_services": null,
            "instance_class": "",
            "liveness_check": [
              {
                "check_interval": "30s",
                "failure_threshold": 4,
                "host": "",
                "initial_delay": "300s",
                "path": "/",
                "success_threshold": 2,
                "timeout": "4s"
              }
            ],
            "manual_scaling": [],
            "name": "apps/skillful-radar-387911/services/default/versions/skillful-radar-387911",
            "network": [],
            "nobuild_files_regex": "",
            "noop_on_destroy": true,
            "project": "skillful-radar-387911",
            "readiness_check": [
              {
                "app_start_timeout": "300s",
                "check_interval": "5s",
                "failure_threshold": 2,
                "host": "",
                "path": "/",
                "success_threshold": 2,
                "timeout": "4s"
              }
            ],
            "resources": [],
            "runtime": "custom",
            "runtime_api_version": "1.0",
            "runtime_channel": "",
            "runtime_main_executable_path": "",
            "service": "default",
            "service_account": "skillful-radar-387911@appspot.gserviceaccount.com",
            "serving_status": "SERVING",
            "timeouts": null,
            "version_id": "skillful-radar-387911",
            "vpc_access_connector": []
          },
          "sensitive_attributes": [],
          "private": "eyJlMmJmYjczMC1lY2FhLTExZTYtOGY4OC0zNDM2M2JjN2M0YzAiOnsiY3JlYXRlIjoxMjAwMDAwMDAwMDAwLCJkZWxldGUiOjEyMDAwMDAwMDAwMDAsInVwZGF0ZSI6MTIwMDAwMDAwMDAwMH19",
          "dependencies": [
            "module.dev_app_engine.module.first-app-engine.data.google_app_engine_default_service_account.default"
          ]
        }
      ]
    }
  ],
  "check_results": null
}
